
Microsoft Visual Studio Solution File, Format Version 12.00
# Visual Studio 2015
Project("{FAE04EC0-301F-11D3-BF4B-00C04F79EFBC}") = "FlyingOrbs_v2.Plugins", "FlyingOrbs_v2.Plugins.csproj", "{427D89AA-4BFC-B3E9-0D63-6EBD57FCFC5F}"
EndProject
Project("{FAE04EC0-301F-11D3-BF4B-00C04F79EFBC}") = "FlyingOrbs_v2", "FlyingOrbs_v2.csproj", "{A5E6D42D-C001-3DA7-9DED-88B0AC4FBF2C}"
EndProject
Global
	GlobalSection(SolutionConfigurationPlatforms) = preSolution
		Debug|Any CPU = Debug|Any CPU
		Release|Any CPU = Release|Any CPU
	EndGlobalSection
	GlobalSection(ProjectConfigurationPlatforms) = postSolution
		{427D89AA-4BFC-B3E9-0D63-6EBD57FCFC5F}.Debug|Any CPU.ActiveCfg = Debug|Any CPU
		{427D89AA-4BFC-B3E9-0D63-6EBD57FCFC5F}.Debug|Any CPU.Build.0 = Debug|Any CPU
		{427D89AA-4BFC-B3E9-0D63-6EBD57FCFC5F}.Release|Any CPU.ActiveCfg = Release|Any CPU
		{427D89AA-4BFC-B3E9-0D63-6EBD57FCFC5F}.Release|Any CPU.Build.0 = Release|Any CPU
		{A5E6D42D-C001-3DA7-9DED-88B0AC4FBF2C}.Debug|Any CPU.ActiveCfg = Debug|Any CPU
		{A5E6D42D-C001-3DA7-9DED-88B0AC4FBF2C}.Debug|Any CPU.Build.0 = Debug|Any CPU
		{A5E6D42D-C001-3DA7-9DED-88B0AC4FBF2C}.Release|Any CPU.ActiveCfg = Release|Any CPU
		{A5E6D42D-C001-3DA7-9DED-88B0AC4FBF2C}.Release|Any CPU.Build.0 = Release|Any CPU
	EndGlobalSection
	GlobalSection(SolutionProperties) = preSolution
		HideSolutionNode = FALSE
	EndGlobalSection
EndGlobal
